
Microsoft Visual Studio Solution File, Format Version 12.00
# Visual Studio 14
VisualStudioVersion = 14.0.25420.1
MinimumVisualStudioVersion = 10.0.40219.1
Project("{FAE04EC0-301F-11D3-BF4B-00C04F79EFBC}") = "USER_Control", "QuanLyPhongGame\USER_Control.csproj", "{8126B150-4FFC-427C-8A94-2FB9333CF7C1}"
EndProject
Project("{FAE04EC0-301F-11D3-BF4B-00C04F79EFBC}") = "ADMIN_Control", "ADMIN_Control\ADMIN_Control.csproj", "{99B75863-D7AF-4E49-974E-C7EE23E54CBF}"
EndProject
Global
	GlobalSection(SolutionConfigurationPlatforms) = preSolution
		Debug|Any CPU = Debug|Any CPU
		Release|Any CPU = Release|Any CPU
	EndGlobalSection
	GlobalSection(ProjectConfigurationPlatforms) = postSolution
		{8126B150-4FFC-427C-8A94-2FB9333CF7C1}.Debug|Any CPU.ActiveCfg = Debug|Any CPU
		{8126B150-4FFC-427C-8A94-2FB9333CF7C1}.Debug|Any CPU.Build.0 = Debug|Any CPU
		{8126B150-4FFC-427C-8A94-2FB9333CF7C1}.Release|Any CPU.ActiveCfg = Release|Any CPU
		{8126B150-4FFC-427C-8A94-2FB9333CF7C1}.Release|Any CPU.Build.0 = Release|Any CPU
		{99B75863-D7AF-4E49-974E-C7EE23E54CBF}.Debug|Any CPU.ActiveCfg = Debug|Any CPU
		{99B75863-D7AF-4E49-974E-C7EE23E54CBF}.Debug|Any CPU.Build.0 = Debug|Any CPU
		{99B75863-D7AF-4E49-974E-C7EE23E54CBF}.Release|Any CPU.ActiveCfg = Release|Any CPU
		{99B75863-D7AF-4E49-974E-C7EE23E54CBF}.Release|Any CPU.Build.0 = Release|Any CPU
	EndGlobalSection
	GlobalSection(SolutionProperties) = preSolution
		HideSolutionNode = FALSE
	EndGlobalSection
EndGlobal
